
Microsoft Visual Studio Solution File, Format Version 12.00
# Visual Studio 14
VisualStudioVersion = 14.0.24720.0
MinimumVisualStudioVersion = 10.0.40219.1
Project("{FAE04EC0-301F-11D3-BF4B-00C04F79EFBC}") = "Light.GuardClauses", "Light.GuardClauses\Light.GuardClauses.csproj", "{65BB1768-E9A0-46ED-B698-B92DE2BB8504}"
EndProject
Project("{FAE04EC0-301F-11D3-BF4B-00C04F79EFBC}") = "Light.GuardClauses.Tests", "Light.GuardClauses.Tests\Light.GuardClauses.Tests.csproj", "{3769AE6C-5DA1-4653-BAC2-962D933A8460}"
EndProject
Global
	GlobalSection(SolutionConfigurationPlatforms) = preSolution
		Debug|Any CPU = Debug|Any CPU
		Release|Any CPU = Release|Any CPU
	EndGlobalSection
	GlobalSection(ProjectConfigurationPlatforms) = postSolution
		{65BB1768-E9A0-46ED-B698-B92DE2BB8504}.Debug|Any CPU.ActiveCfg = Debug|Any CPU
		{65BB1768-E9A0-46ED-B698-B92DE2BB8504}.Debug|Any CPU.Build.0 = Debug|Any CPU
		{65BB1768-E9A0-46ED-B698-B92DE2BB8504}.Release|Any CPU.ActiveCfg = Release|Any CPU
		{65BB1768-E9A0-46ED-B698-B92DE2BB8504}.Release|Any CPU.Build.0 = Release|Any CPU
		{3769AE6C-5DA1-4653-BAC2-962D933A8460}.Debug|Any CPU.ActiveCfg = Debug|Any CPU
		{3769AE6C-5DA1-4653-BAC2-962D933A8460}.Debug|Any CPU.Build.0 = Debug|Any CPU
		{3769AE6C-5DA1-4653-BAC2-962D933A8460}.Release|Any CPU.ActiveCfg = Release|Any CPU
		{3769AE6C-5DA1-4653-BAC2-962D933A8460}.Release|Any CPU.Build.0 = Release|Any CPU
	EndGlobalSection
	GlobalSection(SolutionProperties) = preSolution
		HideSolutionNode = FALSE
	EndGlobalSection
EndGlobal
