
Microsoft Visual Studio Solution File, Format Version 12.00
# Visual Studio 14
VisualStudioVersion = 14.0.24720.0
MinimumVisualStudioVersion = 10.0.40219.1
Project("{2150E333-8FDC-42A3-9474-1A3956D46DE8}") = "Framework", "Framework", "{2F67E124-4C39-484E-9E9E-9D7B6F7B57F9}"
EndProject
Project("{FAE04EC0-301F-11D3-BF4B-00C04F79EFBC}") = "Light.GuardClauses", "Light.GuardClauses\Light.GuardClauses.csproj", "{65BB1768-E9A0-46ED-B698-B92DE2BB8504}"
EndProject
Project("{FAE04EC0-301F-11D3-BF4B-00C04F79EFBC}") = "Light.GuardClauses.Tests", "Light.GuardClauses.Tests\Light.GuardClauses.Tests.csproj", "{3769AE6C-5DA1-4653-BAC2-962D933A8460}"
EndProject
Project("{FAE04EC0-301F-11D3-BF4B-00C04F79EFBC}") = "Light.BayesianNetwork", "Light.BayesianNetwork\Light.BayesianNetwork.csproj", "{771C2FD2-3E29-4BC8-AC98-E396119588CF}"
EndProject
Project("{FAE04EC0-301F-11D3-BF4B-00C04F79EFBC}") = "Light.BayesianNetwork.Tests", "Light.BayesianNetwork.Tests\Light.BayesianNetwork.Tests.csproj", "{370B472B-DB1A-4CFF-A9EE-2726E8E48059}"
EndProject
Global
	GlobalSection(SolutionConfigurationPlatforms) = preSolution
		Debug|Any CPU = Debug|Any CPU
		Release|Any CPU = Release|Any CPU
	EndGlobalSection
	GlobalSection(ProjectConfigurationPlatforms) = postSolution
		{65BB1768-E9A0-46ED-B698-B92DE2BB8504}.Debug|Any CPU.ActiveCfg = Debug|Any CPU
		{65BB1768-E9A0-46ED-B698-B92DE2BB8504}.Debug|Any CPU.Build.0 = Debug|Any CPU
		{65BB1768-E9A0-46ED-B698-B92DE2BB8504}.Release|Any CPU.ActiveCfg = Release|Any CPU
		{65BB1768-E9A0-46ED-B698-B92DE2BB8504}.Release|Any CPU.Build.0 = Release|Any CPU
		{3769AE6C-5DA1-4653-BAC2-962D933A8460}.Debug|Any CPU.ActiveCfg = Debug|Any CPU
		{3769AE6C-5DA1-4653-BAC2-962D933A8460}.Debug|Any CPU.Build.0 = Debug|Any CPU
		{3769AE6C-5DA1-4653-BAC2-962D933A8460}.Release|Any CPU.ActiveCfg = Release|Any CPU
		{3769AE6C-5DA1-4653-BAC2-962D933A8460}.Release|Any CPU.Build.0 = Release|Any CPU
		{771C2FD2-3E29-4BC8-AC98-E396119588CF}.Debug|Any CPU.ActiveCfg = Debug|Any CPU
		{771C2FD2-3E29-4BC8-AC98-E396119588CF}.Debug|Any CPU.Build.0 = Debug|Any CPU
		{771C2FD2-3E29-4BC8-AC98-E396119588CF}.Release|Any CPU.ActiveCfg = Release|Any CPU
		{771C2FD2-3E29-4BC8-AC98-E396119588CF}.Release|Any CPU.Build.0 = Release|Any CPU
		{370B472B-DB1A-4CFF-A9EE-2726E8E48059}.Debug|Any CPU.ActiveCfg = Debug|Any CPU
		{370B472B-DB1A-4CFF-A9EE-2726E8E48059}.Debug|Any CPU.Build.0 = Debug|Any CPU
		{370B472B-DB1A-4CFF-A9EE-2726E8E48059}.Release|Any CPU.ActiveCfg = Release|Any CPU
		{370B472B-DB1A-4CFF-A9EE-2726E8E48059}.Release|Any CPU.Build.0 = Release|Any CPU
	EndGlobalSection
	GlobalSection(SolutionProperties) = preSolution
		HideSolutionNode = FALSE
	EndGlobalSection
	GlobalSection(NestedProjects) = preSolution
		{65BB1768-E9A0-46ED-B698-B92DE2BB8504} = {2F67E124-4C39-484E-9E9E-9D7B6F7B57F9}
		{3769AE6C-5DA1-4653-BAC2-962D933A8460} = {2F67E124-4C39-484E-9E9E-9D7B6F7B57F9}
	EndGlobalSection
EndGlobal
