
Microsoft Visual Studio Solution File, Format Version 12.00
# Visual Studio 14
VisualStudioVersion = 14.0.24720.0
MinimumVisualStudioVersion = 10.0.40219.1
Project("{FAE04EC0-301F-11D3-BF4B-00C04F79EFBC}") = "Light.Serialization", "Light.Serialization\Light.Serialization.csproj", "{A9586F6B-11EE-4984-AC27-7211DA43F656}"
EndProject
Project("{FAE04EC0-301F-11D3-BF4B-00C04F79EFBC}") = "Light.Serialization.Tests", "Light.Serialization.Tests\Light.Serialization.Tests.csproj", "{C5B65A88-58C1-474A-80D2-3DC86E94C455}"
EndProject
Global
	GlobalSection(SolutionConfigurationPlatforms) = preSolution
		Debug|Any CPU = Debug|Any CPU
		Release|Any CPU = Release|Any CPU
	EndGlobalSection
	GlobalSection(ProjectConfigurationPlatforms) = postSolution
		{A9586F6B-11EE-4984-AC27-7211DA43F656}.Debug|Any CPU.ActiveCfg = Debug|Any CPU
		{A9586F6B-11EE-4984-AC27-7211DA43F656}.Debug|Any CPU.Build.0 = Debug|Any CPU
		{A9586F6B-11EE-4984-AC27-7211DA43F656}.Release|Any CPU.ActiveCfg = Release|Any CPU
		{A9586F6B-11EE-4984-AC27-7211DA43F656}.Release|Any CPU.Build.0 = Release|Any CPU
		{C5B65A88-58C1-474A-80D2-3DC86E94C455}.Debug|Any CPU.ActiveCfg = Debug|Any CPU
		{C5B65A88-58C1-474A-80D2-3DC86E94C455}.Debug|Any CPU.Build.0 = Debug|Any CPU
		{C5B65A88-58C1-474A-80D2-3DC86E94C455}.Release|Any CPU.ActiveCfg = Release|Any CPU
		{C5B65A88-58C1-474A-80D2-3DC86E94C455}.Release|Any CPU.Build.0 = Release|Any CPU
	EndGlobalSection
	GlobalSection(SolutionProperties) = preSolution
		HideSolutionNode = FALSE
	EndGlobalSection
EndGlobal
