
Microsoft Visual Studio Solution File, Format Version 12.00
# Visual Studio 14
VisualStudioVersion = 14.0.24720.0
MinimumVisualStudioVersion = 10.0.40219.1
Project("{FAE04EC0-301F-11D3-BF4B-00C04F79EFBC}") = "Light.Serialization", "Light.Serialization\Light.Serialization.csproj", "{A9586F6B-11EE-4984-AC27-7211DA43F656}"
EndProject
Project("{FAE04EC0-301F-11D3-BF4B-00C04F79EFBC}") = "Light.Serialization.Tests", "Light.Serialization.Tests\Light.Serialization.Tests.csproj", "{C5B65A88-58C1-474A-80D2-3DC86E94C455}"
EndProject
Project("{2150E333-8FDC-42A3-9474-1A3956D46DE8}") = "Framework", "Framework", "{C7C1D53C-98BD-498D-B91D-1FDCB6B528AA}"
EndProject
Project("{FAE04EC0-301F-11D3-BF4B-00C04F79EFBC}") = "Light.GuardClauses", "Light.GuardClauses\Light.GuardClauses.csproj", "{65BB1768-E9A0-46ED-B698-B92DE2BB8504}"
EndProject
Project("{FAE04EC0-301F-11D3-BF4B-00C04F79EFBC}") = "Light.GuardClauses.Tests", "Light.GuardClauses.Tests\Light.GuardClauses.Tests.csproj", "{3769AE6C-5DA1-4653-BAC2-962D933A8460}"
EndProject
Project("{2150E333-8FDC-42A3-9474-1A3956D46DE8}") = "Microsoft Unity Integration", "Microsoft Unity Integration", "{F785C499-6729-473E-AD05-40334F808D32}"
EndProject
Project("{FAE04EC0-301F-11D3-BF4B-00C04F79EFBC}") = "Light.Serialization.UnityContainerIntegration", "Light.Serialization.UnityContainerIntegration\Light.Serialization.UnityContainerIntegration.csproj", "{5C392074-DE04-4574-B4E3-5131C5E30589}"
EndProject
Project("{FAE04EC0-301F-11D3-BF4B-00C04F79EFBC}") = "Light.Serialization.UnityContainerIntegration.Tests", "Light.Serialization.UnityContainerIntegration.Tests\Light.Serialization.UnityContainerIntegration.Tests.csproj", "{DC91BE11-2FE3-487D-BAA9-E93C39DA7674}"
EndProject
Global
	GlobalSection(SolutionConfigurationPlatforms) = preSolution
		Debug|Any CPU = Debug|Any CPU
		Release|Any CPU = Release|Any CPU
	EndGlobalSection
	GlobalSection(ProjectConfigurationPlatforms) = postSolution
		{A9586F6B-11EE-4984-AC27-7211DA43F656}.Debug|Any CPU.ActiveCfg = Debug|Any CPU
		{A9586F6B-11EE-4984-AC27-7211DA43F656}.Debug|Any CPU.Build.0 = Debug|Any CPU
		{A9586F6B-11EE-4984-AC27-7211DA43F656}.Release|Any CPU.ActiveCfg = Release|Any CPU
		{A9586F6B-11EE-4984-AC27-7211DA43F656}.Release|Any CPU.Build.0 = Release|Any CPU
		{C5B65A88-58C1-474A-80D2-3DC86E94C455}.Debug|Any CPU.ActiveCfg = Debug|Any CPU
		{C5B65A88-58C1-474A-80D2-3DC86E94C455}.Debug|Any CPU.Build.0 = Debug|Any CPU
		{C5B65A88-58C1-474A-80D2-3DC86E94C455}.Release|Any CPU.ActiveCfg = Release|Any CPU
		{C5B65A88-58C1-474A-80D2-3DC86E94C455}.Release|Any CPU.Build.0 = Release|Any CPU
		{65BB1768-E9A0-46ED-B698-B92DE2BB8504}.Debug|Any CPU.ActiveCfg = Debug|Any CPU
		{65BB1768-E9A0-46ED-B698-B92DE2BB8504}.Debug|Any CPU.Build.0 = Debug|Any CPU
		{65BB1768-E9A0-46ED-B698-B92DE2BB8504}.Release|Any CPU.ActiveCfg = Release|Any CPU
		{65BB1768-E9A0-46ED-B698-B92DE2BB8504}.Release|Any CPU.Build.0 = Release|Any CPU
		{3769AE6C-5DA1-4653-BAC2-962D933A8460}.Debug|Any CPU.ActiveCfg = Debug|Any CPU
		{3769AE6C-5DA1-4653-BAC2-962D933A8460}.Debug|Any CPU.Build.0 = Debug|Any CPU
		{3769AE6C-5DA1-4653-BAC2-962D933A8460}.Release|Any CPU.ActiveCfg = Release|Any CPU
		{3769AE6C-5DA1-4653-BAC2-962D933A8460}.Release|Any CPU.Build.0 = Release|Any CPU
		{5C392074-DE04-4574-B4E3-5131C5E30589}.Debug|Any CPU.ActiveCfg = Debug|Any CPU
		{5C392074-DE04-4574-B4E3-5131C5E30589}.Debug|Any CPU.Build.0 = Debug|Any CPU
		{5C392074-DE04-4574-B4E3-5131C5E30589}.Release|Any CPU.ActiveCfg = Release|Any CPU
		{5C392074-DE04-4574-B4E3-5131C5E30589}.Release|Any CPU.Build.0 = Release|Any CPU
		{DC91BE11-2FE3-487D-BAA9-E93C39DA7674}.Debug|Any CPU.ActiveCfg = Debug|Any CPU
		{DC91BE11-2FE3-487D-BAA9-E93C39DA7674}.Debug|Any CPU.Build.0 = Debug|Any CPU
		{DC91BE11-2FE3-487D-BAA9-E93C39DA7674}.Release|Any CPU.ActiveCfg = Release|Any CPU
		{DC91BE11-2FE3-487D-BAA9-E93C39DA7674}.Release|Any CPU.Build.0 = Release|Any CPU
	EndGlobalSection
	GlobalSection(SolutionProperties) = preSolution
		HideSolutionNode = FALSE
	EndGlobalSection
	GlobalSection(NestedProjects) = preSolution
		{65BB1768-E9A0-46ED-B698-B92DE2BB8504} = {C7C1D53C-98BD-498D-B91D-1FDCB6B528AA}
		{3769AE6C-5DA1-4653-BAC2-962D933A8460} = {C7C1D53C-98BD-498D-B91D-1FDCB6B528AA}
		{5C392074-DE04-4574-B4E3-5131C5E30589} = {F785C499-6729-473E-AD05-40334F808D32}
		{DC91BE11-2FE3-487D-BAA9-E93C39DA7674} = {F785C499-6729-473E-AD05-40334F808D32}
	EndGlobalSection
EndGlobal
